
Microsoft Visual Studio Solution File, Format Version 12.00
# Visual Studio Version 16
VisualStudioVersion = 16.0.30523.141
MinimumVisualStudioVersion = 10.0.40219.1
Project("{FAE04EC0-301F-11D3-BF4B-00C04F79EFBC}") = "ExperimentWithControls", "ExperimentWithControls\ExperimentWithControls.csproj", "{39884B7F-6FFF-495D-BC9B-E15D26D14804}"
EndProject
Global
	GlobalSection(SolutionConfigurationPlatforms) = preSolution
		Debug|Any CPU = Debug|Any CPU
		Release|Any CPU = Release|Any CPU
	EndGlobalSection
	GlobalSection(ProjectConfigurationPlatforms) = postSolution
		{39884B7F-6FFF-495D-BC9B-E15D26D14804}.Debug|Any CPU.ActiveCfg = Debug|Any CPU
		{39884B7F-6FFF-495D-BC9B-E15D26D14804}.Debug|Any CPU.Build.0 = Debug|Any CPU
		{39884B7F-6FFF-495D-BC9B-E15D26D14804}.Release|Any CPU.ActiveCfg = Release|Any CPU
		{39884B7F-6FFF-495D-BC9B-E15D26D14804}.Release|Any CPU.Build.0 = Release|Any CPU
	EndGlobalSection
	GlobalSection(SolutionProperties) = preSolution
		HideSolutionNode = FALSE
	EndGlobalSection
	GlobalSection(ExtensibilityGlobals) = postSolution
		SolutionGuid = {D9C21E49-3B17-45F9-897E-A4575E4CD79D}
	EndGlobalSection
EndGlobal
